// !$*UTF8*$!
{
	archiveVersion = 1;
	classes = {
	};
	objectVersion = 50;
	objects = {

/* Begin PBXBuildFile section */
		62041AD123DD1FEB00F958D1 /* SKTileDefinition.swift in Sources */ = {isa = PBXBuildFile; fileRef = 62041AD023DD1FEB00F958D1 /* SKTileDefinition.swift */; };
		62041AD223DD1FEB00F958D1 /* SKTileDefinition.swift in Sources */ = {isa = PBXBuildFile; fileRef = 62041AD023DD1FEB00F958D1 /* SKTileDefinition.swift */; };
		62041AD323DD1FEB00F958D1 /* SKTileDefinition.swift in Sources */ = {isa = PBXBuildFile; fileRef = 62041AD023DD1FEB00F958D1 /* SKTileDefinition.swift */; };
		62041AD523DD210500F958D1 /* SKTileGroupRule.swift in Sources */ = {isa = PBXBuildFile; fileRef = 62041AD423DD210500F958D1 /* SKTileGroupRule.swift */; };
		62041AD623DD210500F958D1 /* SKTileGroupRule.swift in Sources */ = {isa = PBXBuildFile; fileRef = 62041AD423DD210500F958D1 /* SKTileGroupRule.swift */; };
		62041AD723DD210500F958D1 /* SKTileGroupRule.swift in Sources */ = {isa = PBXBuildFile; fileRef = 62041AD423DD210500F958D1 /* SKTileGroupRule.swift */; };
		62041AD923DD48BE00F958D1 /* SKTileGroup.swift in Sources */ = {isa = PBXBuildFile; fileRef = 62041AD823DD48BE00F958D1 /* SKTileGroup.swift */; };
		62041ADA23DD48BE00F958D1 /* SKTileGroup.swift in Sources */ = {isa = PBXBuildFile; fileRef = 62041AD823DD48BE00F958D1 /* SKTileGroup.swift */; };
		62041ADB23DD48BE00F958D1 /* SKTileGroup.swift in Sources */ = {isa = PBXBuildFile; fileRef = 62041AD823DD48BE00F958D1 /* SKTileGroup.swift */; };
		6248290F23F0E5CD006EDB5F /* Random.png in Resources */ = {isa = PBXBuildFile; fileRef = 6248290D23F0E5CD006EDB5F /* Random.png */; };
		6248291023F0E5CD006EDB5F /* Random.png in Resources */ = {isa = PBXBuildFile; fileRef = 6248290D23F0E5CD006EDB5F /* Random.png */; };
		6248291123F0E5CD006EDB5F /* Random.png in Resources */ = {isa = PBXBuildFile; fileRef = 6248290D23F0E5CD006EDB5F /* Random.png */; };
		6248291223F0E5CD006EDB5F /* Camera.png in Resources */ = {isa = PBXBuildFile; fileRef = 6248290E23F0E5CD006EDB5F /* Camera.png */; };
		6248291323F0E5CD006EDB5F /* Camera.png in Resources */ = {isa = PBXBuildFile; fileRef = 6248290E23F0E5CD006EDB5F /* Camera.png */; };
		6248291423F0E5CD006EDB5F /* Camera.png in Resources */ = {isa = PBXBuildFile; fileRef = 6248290E23F0E5CD006EDB5F /* Camera.png */; };
		6248296A23F0E832006EDB5F /* Screen.swift in Sources */ = {isa = PBXBuildFile; fileRef = 6248296923F0E832006EDB5F /* Screen.swift */; };
		6248296B23F0E832006EDB5F /* Screen.swift in Sources */ = {isa = PBXBuildFile; fileRef = 6248296923F0E832006EDB5F /* Screen.swift */; };
		6248296C23F0E832006EDB5F /* Screen.swift in Sources */ = {isa = PBXBuildFile; fileRef = 6248296923F0E832006EDB5F /* Screen.swift */; };
		6248296E23F0E87E006EDB5F /* Actions.sks in Resources */ = {isa = PBXBuildFile; fileRef = 6248296D23F0E87E006EDB5F /* Actions.sks */; };
		6248296F23F0E87E006EDB5F /* Actions.sks in Resources */ = {isa = PBXBuildFile; fileRef = 6248296D23F0E87E006EDB5F /* Actions.sks */; };
		6248297023F0E87E006EDB5F /* Actions.sks in Resources */ = {isa = PBXBuildFile; fileRef = 6248296D23F0E87E006EDB5F /* Actions.sks */; };
		626FA66D23D6F9CD008170CD /* AppDelegate.swift in Sources */ = {isa = PBXBuildFile; fileRef = 626FA66C23D6F9CD008170CD /* AppDelegate.swift */; };
		626FA67523D6F9CD008170CD /* LaunchScreen.storyboard in Resources */ = {isa = PBXBuildFile; fileRef = 626FA67323D6F9CD008170CD /* LaunchScreen.storyboard */; };
		626FA67E23D6F9CD008170CD /* AppDelegate.swift in Sources */ = {isa = PBXBuildFile; fileRef = 626FA67D23D6F9CD008170CD /* AppDelegate.swift */; };
		626FA68623D6F9CD008170CD /* LaunchScreen.storyboard in Resources */ = {isa = PBXBuildFile; fileRef = 626FA68423D6F9CD008170CD /* LaunchScreen.storyboard */; };
		626FA68F23D6F9CD008170CD /* AppDelegate.swift in Sources */ = {isa = PBXBuildFile; fileRef = 626FA68E23D6F9CD008170CD /* AppDelegate.swift */; };
		626FA69423D6F9CD008170CD /* Main.storyboard in Resources */ = {isa = PBXBuildFile; fileRef = 626FA69223D6F9CD008170CD /* Main.storyboard */; };
		626FA69923D6F9CD008170CD /* GameScene.sks in Resources */ = {isa = PBXBuildFile; fileRef = 626FA66223D6F9CB008170CD /* GameScene.sks */; };
		626FA69A23D6F9CD008170CD /* GameScene.sks in Resources */ = {isa = PBXBuildFile; fileRef = 626FA66223D6F9CB008170CD /* GameScene.sks */; };
		626FA69B23D6F9CD008170CD /* GameScene.sks in Resources */ = {isa = PBXBuildFile; fileRef = 626FA66223D6F9CB008170CD /* GameScene.sks */; };
		626FA69C23D6F9CD008170CD /* GameScene.swift in Sources */ = {isa = PBXBuildFile; fileRef = 626FA66323D6F9CB008170CD /* GameScene.swift */; };
		626FA69D23D6F9CD008170CD /* GameScene.swift in Sources */ = {isa = PBXBuildFile; fileRef = 626FA66323D6F9CB008170CD /* GameScene.swift */; };
		626FA69E23D6F9CD008170CD /* GameScene.swift in Sources */ = {isa = PBXBuildFile; fileRef = 626FA66323D6F9CB008170CD /* GameScene.swift */; };
		626FA69F23D6F9CD008170CD /* Assets.xcassets in Resources */ = {isa = PBXBuildFile; fileRef = 626FA66423D6F9CD008170CD /* Assets.xcassets */; };
		626FA6A023D6F9CD008170CD /* Assets.xcassets in Resources */ = {isa = PBXBuildFile; fileRef = 626FA66423D6F9CD008170CD /* Assets.xcassets */; };
		626FA6A123D6F9CD008170CD /* Assets.xcassets in Resources */ = {isa = PBXBuildFile; fileRef = 626FA66423D6F9CD008170CD /* Assets.xcassets */; };
		6273F10725386F7000F03E4A /* SceneView.swift in Sources */ = {isa = PBXBuildFile; fileRef = 6273F10625386F7000F03E4A /* SceneView.swift */; };
		6273F10825386F7000F03E4A /* SceneView.swift in Sources */ = {isa = PBXBuildFile; fileRef = 6273F10625386F7000F03E4A /* SceneView.swift */; };
		6273F10925386F7000F03E4A /* SceneView.swift in Sources */ = {isa = PBXBuildFile; fileRef = 6273F10625386F7000F03E4A /* SceneView.swift */; };
		627F3E6825BC0E2700A73942 /* Sounds.swift in Sources */ = {isa = PBXBuildFile; fileRef = 627F3E6725BC0E2700A73942 /* Sounds.swift */; };
		627F3E6925BC0E2700A73942 /* Sounds.swift in Sources */ = {isa = PBXBuildFile; fileRef = 627F3E6725BC0E2700A73942 /* Sounds.swift */; };
		627F3E6A25BC0E2700A73942 /* Sounds.swift in Sources */ = {isa = PBXBuildFile; fileRef = 627F3E6725BC0E2700A73942 /* Sounds.swift */; };
		627F3E7625BC0E4F00A73942 /* Color.swift in Sources */ = {isa = PBXBuildFile; fileRef = 627F3E7025BC0E4F00A73942 /* Color.swift */; };
		627F3E7725BC0E4F00A73942 /* Color.swift in Sources */ = {isa = PBXBuildFile; fileRef = 627F3E7025BC0E4F00A73942 /* Color.swift */; };
		627F3E7825BC0E4F00A73942 /* Color.swift in Sources */ = {isa = PBXBuildFile; fileRef = 627F3E7025BC0E4F00A73942 /* Color.swift */; };
		627F3E7925BC0E4F00A73942 /* Bundle.swift in Sources */ = {isa = PBXBuildFile; fileRef = 627F3E7225BC0E4F00A73942 /* Bundle.swift */; };
		627F3E7A25BC0E4F00A73942 /* Bundle.swift in Sources */ = {isa = PBXBuildFile; fileRef = 627F3E7225BC0E4F00A73942 /* Bundle.swift */; };
		627F3E7B25BC0E4F00A73942 /* Bundle.swift in Sources */ = {isa = PBXBuildFile; fileRef = 627F3E7225BC0E4F00A73942 /* Bundle.swift */; };
		6288863A23EFBA6C0060EB25 /* SceneDelegate.swift in Sources */ = {isa = PBXBuildFile; fileRef = 6288863923EFBA6C0060EB25 /* SceneDelegate.swift */; };
		6288863C23EFBB010060EB25 /* ContentView.swift in Sources */ = {isa = PBXBuildFile; fileRef = 6288863B23EFBB010060EB25 /* ContentView.swift */; };
		6288866D23EFC19B0060EB25 /* ContentView.swift in Sources */ = {isa = PBXBuildFile; fileRef = 6288863B23EFBB010060EB25 /* ContentView.swift */; };
		6288866F23EFC45E0060EB25 /* ContentView.swift in Sources */ = {isa = PBXBuildFile; fileRef = 6288863B23EFBB010060EB25 /* ContentView.swift */; };
		62F7A79523D80182009B2A7B /* SpriteSheet.swift in Sources */ = {isa = PBXBuildFile; fileRef = 62F7A79423D80182009B2A7B /* SpriteSheet.swift */; };
		62F7A79623D80182009B2A7B /* SpriteSheet.swift in Sources */ = {isa = PBXBuildFile; fileRef = 62F7A79423D80182009B2A7B /* SpriteSheet.swift */; };
		62F7A79723D80182009B2A7B /* SpriteSheet.swift in Sources */ = {isa = PBXBuildFile; fileRef = 62F7A79423D80182009B2A7B /* SpriteSheet.swift */; };
/* End PBXBuildFile section */

/* Begin PBXFileReference section */
		62041AD023DD1FEB00F958D1 /* SKTileDefinition.swift */ = {isa = PBXFileReference; lastKnownFileType = sourcecode.swift; path = SKTileDefinition.swift; sourceTree = "<group>"; };
		62041AD423DD210500F958D1 /* SKTileGroupRule.swift */ = {isa = PBXFileReference; lastKnownFileType = sourcecode.swift; path = SKTileGroupRule.swift; sourceTree = "<group>"; };
		62041AD823DD48BE00F958D1 /* SKTileGroup.swift */ = {isa = PBXFileReference; lastKnownFileType = sourcecode.swift; path = SKTileGroup.swift; sourceTree = "<group>"; };
		6248290D23F0E5CD006EDB5F /* Random.png */ = {isa = PBXFileReference; lastKnownFileType = image.png; path = Random.png; sourceTree = "<group>"; };
		6248290E23F0E5CD006EDB5F /* Camera.png */ = {isa = PBXFileReference; lastKnownFileType = image.png; path = Camera.png; sourceTree = "<group>"; };
		6248296923F0E832006EDB5F /* Screen.swift */ = {isa = PBXFileReference; lastKnownFileType = sourcecode.swift; path = Screen.swift; sourceTree = "<group>"; };
		6248296D23F0E87E006EDB5F /* Actions.sks */ = {isa = PBXFileReference; lastKnownFileType = file.sks; path = Actions.sks; sourceTree = "<group>"; };
		626FA66223D6F9CB008170CD /* GameScene.sks */ = {isa = PBXFileReference; lastKnownFileType = file.sks; path = GameScene.sks; sourceTree = "<group>"; };
		626FA66323D6F9CB008170CD /* GameScene.swift */ = {isa = PBXFileReference; lastKnownFileType = sourcecode.swift; path = GameScene.swift; sourceTree = "<group>"; };
		626FA66423D6F9CD008170CD /* Assets.xcassets */ = {isa = PBXFileReference; lastKnownFileType = folder.assetcatalog; path = Assets.xcassets; sourceTree = "<group>"; };
		626FA66923D6F9CD008170CD /* Game.app */ = {isa = PBXFileReference; explicitFileType = wrapper.application; includeInIndex = 0; path = Game.app; sourceTree = BUILT_PRODUCTS_DIR; };
		626FA66C23D6F9CD008170CD /* AppDelegate.swift */ = {isa = PBXFileReference; lastKnownFileType = sourcecode.swift; path = AppDelegate.swift; sourceTree = "<group>"; };
		626FA67423D6F9CD008170CD /* Base */ = {isa = PBXFileReference; lastKnownFileType = file.storyboard; name = Base; path = Base.lproj/LaunchScreen.storyboard; sourceTree = "<group>"; };
		626FA67623D6F9CD008170CD /* Info.plist */ = {isa = PBXFileReference; lastKnownFileType = text.plist.xml; path = Info.plist; sourceTree = "<group>"; };
		626FA67B23D6F9CD008170CD /* Game.app */ = {isa = PBXFileReference; explicitFileType = wrapper.application; includeInIndex = 0; path = Game.app; sourceTree = BUILT_PRODUCTS_DIR; };
		626FA67D23D6F9CD008170CD /* AppDelegate.swift */ = {isa = PBXFileReference; lastKnownFileType = sourcecode.swift; path = AppDelegate.swift; sourceTree = "<group>"; };
		626FA68523D6F9CD008170CD /* Base */ = {isa = PBXFileReference; lastKnownFileType = file.storyboard; name = Base; path = Base.lproj/LaunchScreen.storyboard; sourceTree = "<group>"; };
		626FA68723D6F9CD008170CD /* Info.plist */ = {isa = PBXFileReference; lastKnownFileType = text.plist.xml; path = Info.plist; sourceTree = "<group>"; };
		626FA68C23D6F9CD008170CD /* Game.app */ = {isa = PBXFileReference; explicitFileType = wrapper.application; includeInIndex = 0; path = Game.app; sourceTree = BUILT_PRODUCTS_DIR; };
		626FA68E23D6F9CD008170CD /* AppDelegate.swift */ = {isa = PBXFileReference; lastKnownFileType = sourcecode.swift; path = AppDelegate.swift; sourceTree = "<group>"; };
		626FA69323D6F9CD008170CD /* Base */ = {isa = PBXFileReference; lastKnownFileType = file.storyboard; name = Base; path = Base.lproj/Main.storyboard; sourceTree = "<group>"; };
		626FA69523D6F9CD008170CD /* Info.plist */ = {isa = PBXFileReference; lastKnownFileType = text.plist.xml; path = Info.plist; sourceTree = "<group>"; };
		6273F10625386F7000F03E4A /* SceneView.swift */ = {isa = PBXFileReference; lastKnownFileType = sourcecode.swift; path = SceneView.swift; sourceTree = "<group>"; };
		627F3E6725BC0E2700A73942 /* Sounds.swift */ = {isa = PBXFileReference; fileEncoding = 4; lastKnownFileType = sourcecode.swift; path = Sounds.swift; sourceTree = "<group>"; };
		627F3E7025BC0E4F00A73942 /* Color.swift */ = {isa = PBXFileReference; fileEncoding = 4; lastKnownFileType = sourcecode.swift; path = Color.swift; sourceTree = "<group>"; };
		627F3E7225BC0E4F00A73942 /* Bundle.swift */ = {isa = PBXFileReference; fileEncoding = 4; lastKnownFileType = sourcecode.swift; path = Bundle.swift; sourceTree = "<group>"; };
		6288863923EFBA6C0060EB25 /* SceneDelegate.swift */ = {isa = PBXFileReference; fileEncoding = 4; lastKnownFileType = sourcecode.swift; path = SceneDelegate.swift; sourceTree = "<group>"; };
		6288863B23EFBB010060EB25 /* ContentView.swift */ = {isa = PBXFileReference; lastKnownFileType = sourcecode.swift; path = ContentView.swift; sourceTree = "<group>"; };
		62F7A79423D80182009B2A7B /* SpriteSheet.swift */ = {isa = PBXFileReference; lastKnownFileType = sourcecode.swift; path = SpriteSheet.swift; sourceTree = "<group>"; };
/* End PBXFileReference section */

/* Begin PBXFrameworksBuildPhase section */
		626FA66623D6F9CD008170CD /* Frameworks */ = {
			isa = PBXFrameworksBuildPhase;
			buildActionMask = 2147483647;
			files = (
			);
			runOnlyForDeploymentPostprocessing = 0;
		};
		626FA67823D6F9CD008170CD /* Frameworks */ = {
			isa = PBXFrameworksBuildPhase;
			buildActionMask = 2147483647;
			files = (
			);
			runOnlyForDeploymentPostprocessing = 0;
		};
		626FA68923D6F9CD008170CD /* Frameworks */ = {
			isa = PBXFrameworksBuildPhase;
			buildActionMask = 2147483647;
			files = (
			);
			runOnlyForDeploymentPostprocessing = 0;
		};
/* End PBXFrameworksBuildPhase section */

/* Begin PBXGroup section */
		626FA65B23D6F9CB008170CD = {
			isa = PBXGroup;
			children = (
				626FA66023D6F9CB008170CD /* Game Shared */,
				626FA66B23D6F9CD008170CD /* Game iOS */,
				626FA67C23D6F9CD008170CD /* Game tvOS */,
				626FA68D23D6F9CD008170CD /* Game macOS */,
				626FA66A23D6F9CD008170CD /* Products */,
			);
			sourceTree = "<group>";
		};
		626FA66023D6F9CB008170CD /* Game Shared */ = {
			isa = PBXGroup;
			children = (
				62F7A79323D80171009B2A7B /* Generics */,
				62F7A79223D8016A009B2A7B /* Extensions */,
				62F7A79123D80164009B2A7B /* Models */,
				6248296D23F0E87E006EDB5F /* Actions.sks */,
				626FA66223D6F9CB008170CD /* GameScene.sks */,
				626FA66323D6F9CB008170CD /* GameScene.swift */,
				6288863B23EFBB010060EB25 /* ContentView.swift */,
				626FA66423D6F9CD008170CD /* Assets.xcassets */,
				62F7A45523D70231009B2A7B /* Resources */,
			);
			path = "Game Shared";
			sourceTree = "<group>";
		};
		626FA66A23D6F9CD008170CD /* Products */ = {
			isa = PBXGroup;
			children = (
				626FA66923D6F9CD008170CD /* Game.app */,
				626FA67B23D6F9CD008170CD /* Game.app */,
				626FA68C23D6F9CD008170CD /* Game.app */,
			);
			name = Products;
			sourceTree = "<group>";
		};
		626FA66B23D6F9CD008170CD /* Game iOS */ = {
			isa = PBXGroup;
			children = (
				626FA66C23D6F9CD008170CD /* AppDelegate.swift */,
				6288863923EFBA6C0060EB25 /* SceneDelegate.swift */,
				626FA67323D6F9CD008170CD /* LaunchScreen.storyboard */,
				626FA67623D6F9CD008170CD /* Info.plist */,
			);
			path = "Game iOS";
			sourceTree = "<group>";
		};
		626FA67C23D6F9CD008170CD /* Game tvOS */ = {
			isa = PBXGroup;
			children = (
				626FA67D23D6F9CD008170CD /* AppDelegate.swift */,
				626FA68423D6F9CD008170CD /* LaunchScreen.storyboard */,
				626FA68723D6F9CD008170CD /* Info.plist */,
			);
			path = "Game tvOS";
			sourceTree = "<group>";
		};
		626FA68D23D6F9CD008170CD /* Game macOS */ = {
			isa = PBXGroup;
			children = (
				626FA68E23D6F9CD008170CD /* AppDelegate.swift */,
				626FA69223D6F9CD008170CD /* Main.storyboard */,
				626FA69523D6F9CD008170CD /* Info.plist */,
			);
			path = "Game macOS";
			sourceTree = "<group>";
		};
		627F3E6625BC0E2700A73942 /* AVFoundation */ = {
			isa = PBXGroup;
			children = (
				627F3E6725BC0E2700A73942 /* Sounds.swift */,
			);
			path = AVFoundation;
			sourceTree = "<group>";
		};
		627F3E6E25BC0E4F00A73942 /* SwiftUI */ = {
			isa = PBXGroup;
			children = (
				627F3E7025BC0E4F00A73942 /* Color.swift */,
			);
			path = SwiftUI;
			sourceTree = "<group>";
		};
		627F3E7125BC0E4F00A73942 /* Types */ = {
			isa = PBXGroup;
			children = (
				627F3E7225BC0E4F00A73942 /* Bundle.swift */,
			);
			path = Types;
			sourceTree = "<group>";
		};
		6288868F23EFE31E0060EB25 /* Sprites */ = {
			isa = PBXGroup;
			children = (
				6248290E23F0E5CD006EDB5F /* Camera.png */,
				6248290D23F0E5CD006EDB5F /* Random.png */,
			);
			path = Sprites;
			sourceTree = "<group>";
		};
		62F7A45523D70231009B2A7B /* Resources */ = {
			isa = PBXGroup;
			children = (
				6288868F23EFE31E0060EB25 /* Sprites */,
				62F7A4BD23D702E6009B2A7B /* Fonts */,
				62F7A63B23D702E8009B2A7B /* Sounds */,
			);
			path = Resources;
			sourceTree = "<group>";
		};
		62F7A4BD23D702E6009B2A7B /* Fonts */ = {
			isa = PBXGroup;
			children = (
			);
			path = Fonts;
			sourceTree = "<group>";
		};
		62F7A63B23D702E8009B2A7B /* Sounds */ = {
			isa = PBXGroup;
			children = (
				62F7A63C23D702E8009B2A7B /* Weapons */,
			);
			path = Sounds;
			sourceTree = "<group>";
		};
		62F7A63C23D702E8009B2A7B /* Weapons */ = {
			isa = PBXGroup;
			children = (
			);
			path = Weapons;
			sourceTree = "<group>";
		};
		62F7A79123D80164009B2A7B /* Models */ = {
			isa = PBXGroup;
			children = (
				6248296923F0E832006EDB5F /* Screen.swift */,
			);
			path = Models;
			sourceTree = "<group>";
		};
		62F7A79223D8016A009B2A7B /* Extensions */ = {
			isa = PBXGroup;
			children = (
				627F3E6E25BC0E4F00A73942 /* SwiftUI */,
				627F3E7125BC0E4F00A73942 /* Types */,
				62041AD023DD1FEB00F958D1 /* SKTileDefinition.swift */,
				62041AD423DD210500F958D1 /* SKTileGroupRule.swift */,
				62041AD823DD48BE00F958D1 /* SKTileGroup.swift */,
			);
			path = Extensions;
			sourceTree = "<group>";
		};
		62F7A79323D80171009B2A7B /* Generics */ = {
			isa = PBXGroup;
			children = (
				627F3E6625BC0E2700A73942 /* AVFoundation */,
				62F7A79423D80182009B2A7B /* SpriteSheet.swift */,
				6273F10625386F7000F03E4A /* SceneView.swift */,
			);
			path = Generics;
			sourceTree = "<group>";
		};
/* End PBXGroup section */

/* Begin PBXNativeTarget section */
		626FA66823D6F9CD008170CD /* Game iOS */ = {
			isa = PBXNativeTarget;
			buildConfigurationList = 626FA6A423D6F9CD008170CD /* Build configuration list for PBXNativeTarget "Game iOS" */;
			buildPhases = (
				626FA66523D6F9CD008170CD /* Sources */,
				626FA66623D6F9CD008170CD /* Frameworks */,
				626FA66723D6F9CD008170CD /* Resources */,
			);
			buildRules = (
			);
			dependencies = (
			);
			name = "Game iOS";
			productName = "Little Wars iOS";
			productReference = 626FA66923D6F9CD008170CD /* Game.app */;
			productType = "com.apple.product-type.application";
		};
		626FA67A23D6F9CD008170CD /* Game tvOS */ = {
			isa = PBXNativeTarget;
			buildConfigurationList = 626FA6A723D6F9CD008170CD /* Build configuration list for PBXNativeTarget "Game tvOS" */;
			buildPhases = (
				626FA67723D6F9CD008170CD /* Sources */,
				626FA67823D6F9CD008170CD /* Frameworks */,
				626FA67923D6F9CD008170CD /* Resources */,
			);
			buildRules = (
			);
			dependencies = (
			);
			name = "Game tvOS";
			productName = "Little Wars tvOS";
			productReference = 626FA67B23D6F9CD008170CD /* Game.app */;
			productType = "com.apple.product-type.application";
		};
		626FA68B23D6F9CD008170CD /* Game macOS */ = {
			isa = PBXNativeTarget;
			buildConfigurationList = 626FA6AA23D6F9CD008170CD /* Build configuration list for PBXNativeTarget "Game macOS" */;
			buildPhases = (
				626FA68823D6F9CD008170CD /* Sources */,
				626FA68923D6F9CD008170CD /* Frameworks */,
				626FA68A23D6F9CD008170CD /* Resources */,
			);
			buildRules = (
			);
			dependencies = (
			);
			name = "Game macOS";
			productName = "Little Wars macOS";
			productReference = 626FA68C23D6F9CD008170CD /* Game.app */;
			productType = "com.apple.product-type.application";
		};
/* End PBXNativeTarget section */

/* Begin PBXProject section */
		626FA65C23D6F9CB008170CD /* Project object */ = {
			isa = PBXProject;
			attributes = {
				LastSwiftUpdateCheck = 1130;
				LastUpgradeCheck = 1200;
				ORGANIZATIONNAME = "Szymon Lorenz";
				TargetAttributes = {
					626FA66823D6F9CD008170CD = {
						CreatedOnToolsVersion = 11.3.1;
					};
					626FA67A23D6F9CD008170CD = {
						CreatedOnToolsVersion = 11.3.1;
					};
					626FA68B23D6F9CD008170CD = {
						CreatedOnToolsVersion = 11.3.1;
					};
				};
			};
			buildConfigurationList = 626FA65F23D6F9CB008170CD /* Build configuration list for PBXProject "Game" */;
			compatibilityVersion = "Xcode 9.3";
			developmentRegion = en;
			hasScannedForEncodings = 0;
			knownRegions = (
				en,
				Base,
			);
			mainGroup = 626FA65B23D6F9CB008170CD;
			productRefGroup = 626FA66A23D6F9CD008170CD /* Products */;
			projectDirPath = "";
			projectRoot = "";
			targets = (
				626FA66823D6F9CD008170CD /* Game iOS */,
				626FA67A23D6F9CD008170CD /* Game tvOS */,
				626FA68B23D6F9CD008170CD /* Game macOS */,
			);
		};
/* End PBXProject section */

/* Begin PBXResourcesBuildPhase section */
		626FA66723D6F9CD008170CD /* Resources */ = {
			isa = PBXResourcesBuildPhase;
			buildActionMask = 2147483647;
			files = (
				626FA69923D6F9CD008170CD /* GameScene.sks in Resources */,
				6248296E23F0E87E006EDB5F /* Actions.sks in Resources */,
				6248291223F0E5CD006EDB5F /* Camera.png in Resources */,
				6248290F23F0E5CD006EDB5F /* Random.png in Resources */,
				626FA67523D6F9CD008170CD /* LaunchScreen.storyboard in Resources */,
				626FA69F23D6F9CD008170CD /* Assets.xcassets in Resources */,
			);
			runOnlyForDeploymentPostprocessing = 0;
		};
		626FA67923D6F9CD008170CD /* Resources */ = {
			isa = PBXResourcesBuildPhase;
			buildActionMask = 2147483647;
			files = (
				6248291023F0E5CD006EDB5F /* Random.png in Resources */,
				6248296F23F0E87E006EDB5F /* Actions.sks in Resources */,
				626FA69A23D6F9CD008170CD /* GameScene.sks in Resources */,
				626FA68623D6F9CD008170CD /* LaunchScreen.storyboard in Resources */,
				626FA6A023D6F9CD008170CD /* Assets.xcassets in Resources */,
				6248291323F0E5CD006EDB5F /* Camera.png in Resources */,
			);
			runOnlyForDeploymentPostprocessing = 0;
		};
		626FA68A23D6F9CD008170CD /* Resources */ = {
			isa = PBXResourcesBuildPhase;
			buildActionMask = 2147483647;
			files = (
				6248291123F0E5CD006EDB5F /* Random.png in Resources */,
				6248297023F0E87E006EDB5F /* Actions.sks in Resources */,
				626FA69423D6F9CD008170CD /* Main.storyboard in Resources */,
				626FA69B23D6F9CD008170CD /* GameScene.sks in Resources */,
				6248291423F0E5CD006EDB5F /* Camera.png in Resources */,
				626FA6A123D6F9CD008170CD /* Assets.xcassets in Resources */,
			);
			runOnlyForDeploymentPostprocessing = 0;
		};
/* End PBXResourcesBuildPhase section */

/* Begin PBXSourcesBuildPhase section */
		626FA66523D6F9CD008170CD /* Sources */ = {
			isa = PBXSourcesBuildPhase;
			buildActionMask = 2147483647;
			files = (
				62F7A79523D80182009B2A7B /* SpriteSheet.swift in Sources */,
				627F3E7925BC0E4F00A73942 /* Bundle.swift in Sources */,
				6288863C23EFBB010060EB25 /* ContentView.swift in Sources */,
				6273F10725386F7000F03E4A /* SceneView.swift in Sources */,
				62041AD523DD210500F958D1 /* SKTileGroupRule.swift in Sources */,
				627F3E7625BC0E4F00A73942 /* Color.swift in Sources */,
				62041AD123DD1FEB00F958D1 /* SKTileDefinition.swift in Sources */,
				627F3E6825BC0E2700A73942 /* Sounds.swift in Sources */,
				626FA69C23D6F9CD008170CD /* GameScene.swift in Sources */,
				6248296A23F0E832006EDB5F /* Screen.swift in Sources */,
				62041AD923DD48BE00F958D1 /* SKTileGroup.swift in Sources */,
				626FA66D23D6F9CD008170CD /* AppDelegate.swift in Sources */,
				6288863A23EFBA6C0060EB25 /* SceneDelegate.swift in Sources */,
			);
			runOnlyForDeploymentPostprocessing = 0;
		};
		626FA67723D6F9CD008170CD /* Sources */ = {
			isa = PBXSourcesBuildPhase;
			buildActionMask = 2147483647;
			files = (
				62F7A79623D80182009B2A7B /* SpriteSheet.swift in Sources */,
				627F3E7A25BC0E4F00A73942 /* Bundle.swift in Sources */,
				6288866D23EFC19B0060EB25 /* ContentView.swift in Sources */,
				62041AD623DD210500F958D1 /* SKTileGroupRule.swift in Sources */,
				62041AD223DD1FEB00F958D1 /* SKTileDefinition.swift in Sources */,
				627F3E7725BC0E4F00A73942 /* Color.swift in Sources */,
				626FA69D23D6F9CD008170CD /* GameScene.swift in Sources */,
				6248296B23F0E832006EDB5F /* Screen.swift in Sources */,
				62041ADA23DD48BE00F958D1 /* SKTileGroup.swift in Sources */,
				627F3E6925BC0E2700A73942 /* Sounds.swift in Sources */,
				626FA67E23D6F9CD008170CD /* AppDelegate.swift in Sources */,
				6273F10825386F7000F03E4A /* SceneView.swift in Sources */,
			);
			runOnlyForDeploymentPostprocessing = 0;
		};
		626FA68823D6F9CD008170CD /* Sources */ = {
			isa = PBXSourcesBuildPhase;
			buildActionMask = 2147483647;
			files = (
				62F7A79723D80182009B2A7B /* SpriteSheet.swift in Sources */,
				627F3E7B25BC0E4F00A73942 /* Bundle.swift in Sources */,
				62041AD723DD210500F958D1 /* SKTileGroupRule.swift in Sources */,
				6288866F23EFC45E0060EB25 /* ContentView.swift in Sources */,
				62041AD323DD1FEB00F958D1 /* SKTileDefinition.swift in Sources */,
				627F3E7825BC0E4F00A73942 /* Color.swift in Sources */,
				626FA69E23D6F9CD008170CD /* GameScene.swift in Sources */,
				6248296C23F0E832006EDB5F /* Screen.swift in Sources */,
				62041ADB23DD48BE00F958D1 /* SKTileGroup.swift in Sources */,
				627F3E6A25BC0E2700A73942 /* Sounds.swift in Sources */,
				626FA68F23D6F9CD008170CD /* AppDelegate.swift in Sources */,
				6273F10925386F7000F03E4A /* SceneView.swift in Sources */,
			);
			runOnlyForDeploymentPostprocessing = 0;
		};
/* End PBXSourcesBuildPhase section */

/* Begin PBXVariantGroup section */
		626FA67323D6F9CD008170CD /* LaunchScreen.storyboard */ = {
			isa = PBXVariantGroup;
			children = (
				626FA67423D6F9CD008170CD /* Base */,
			);
			name = LaunchScreen.storyboard;
			sourceTree = "<group>";
		};
		626FA68423D6F9CD008170CD /* LaunchScreen.storyboard */ = {
			isa = PBXVariantGroup;
			children = (
				626FA68523D6F9CD008170CD /* Base */,
			);
			name = LaunchScreen.storyboard;
			sourceTree = "<group>";
		};
		626FA69223D6F9CD008170CD /* Main.storyboard */ = {
			isa = PBXVariantGroup;
			children = (
				626FA69323D6F9CD008170CD /* Base */,
			);
			name = Main.storyboard;
			sourceTree = "<group>";
		};
/* End PBXVariantGroup section */

/* Begin XCBuildConfiguration section */
		626FA6A223D6F9CD008170CD /* Debug */ = {
			isa = XCBuildConfiguration;
			buildSettings = {
				ALWAYS_SEARCH_USER_PATHS = NO;
				CLANG_ANALYZER_NONNULL = YES;
				CLANG_ANALYZER_NUMBER_OBJECT_CONVERSION = YES_AGGRESSIVE;
				CLANG_CXX_LANGUAGE_STANDARD = "gnu++14";
				CLANG_CXX_LIBRARY = "libc++";
				CLANG_ENABLE_MODULES = YES;
				CLANG_ENABLE_OBJC_ARC = YES;
				CLANG_ENABLE_OBJC_WEAK = YES;
				CLANG_WARN_BLOCK_CAPTURE_AUTORELEASING = YES;
				CLANG_WARN_BOOL_CONVERSION = YES;
				CLANG_WARN_COMMA = YES;
				CLANG_WARN_CONSTANT_CONVERSION = YES;
				CLANG_WARN_DEPRECATED_OBJC_IMPLEMENTATIONS = YES;
				CLANG_WARN_DIRECT_OBJC_ISA_USAGE = YES_ERROR;
				CLANG_WARN_DOCUMENTATION_COMMENTS = YES;
				CLANG_WARN_EMPTY_BODY = YES;
				CLANG_WARN_ENUM_CONVERSION = YES;
				CLANG_WARN_INFINITE_RECURSION = YES;
				CLANG_WARN_INT_CONVERSION = YES;
				CLANG_WARN_NON_LITERAL_NULL_CONVERSION = YES;
				CLANG_WARN_OBJC_IMPLICIT_RETAIN_SELF = YES;
				CLANG_WARN_OBJC_LITERAL_CONVERSION = YES;
				CLANG_WARN_OBJC_ROOT_CLASS = YES_ERROR;
				CLANG_WARN_QUOTED_INCLUDE_IN_FRAMEWORK_HEADER = YES;
				CLANG_WARN_RANGE_LOOP_ANALYSIS = YES;
				CLANG_WARN_STRICT_PROTOTYPES = YES;
				CLANG_WARN_SUSPICIOUS_MOVE = YES;
				CLANG_WARN_UNGUARDED_AVAILABILITY = YES_AGGRESSIVE;
				CLANG_WARN_UNREACHABLE_CODE = YES;
				CLANG_WARN__DUPLICATE_METHOD_MATCH = YES;
				COPY_PHASE_STRIP = NO;
				DEBUG_INFORMATION_FORMAT = dwarf;
				ENABLE_STRICT_OBJC_MSGSEND = YES;
				ENABLE_TESTABILITY = YES;
				GCC_C_LANGUAGE_STANDARD = gnu11;
				GCC_DYNAMIC_NO_PIC = NO;
				GCC_NO_COMMON_BLOCKS = YES;
				GCC_OPTIMIZATION_LEVEL = 0;
				GCC_PREPROCESSOR_DEFINITIONS = (
					"DEBUG=1",
					"$(inherited)",
				);
				GCC_WARN_64_TO_32_BIT_CONVERSION = YES;
				GCC_WARN_ABOUT_RETURN_TYPE = YES_ERROR;
				GCC_WARN_UNDECLARED_SELECTOR = YES;
				GCC_WARN_UNINITIALIZED_AUTOS = YES_AGGRESSIVE;
				GCC_WARN_UNUSED_FUNCTION = YES;
				GCC_WARN_UNUSED_VARIABLE = YES;
				IPHONEOS_DEPLOYMENT_TARGET = 13.0;
				MACOSX_DEPLOYMENT_TARGET = 10.15;
				MTL_ENABLE_DEBUG_INFO = INCLUDE_SOURCE;
				MTL_FAST_MATH = YES;
				ONLY_ACTIVE_ARCH = YES;
				SWIFT_ACTIVE_COMPILATION_CONDITIONS = DEBUG;
				SWIFT_OPTIMIZATION_LEVEL = "-Onone";
			};
			name = Debug;
		};
		626FA6A323D6F9CD008170CD /* Release */ = {
			isa = XCBuildConfiguration;
			buildSettings = {
				ALWAYS_SEARCH_USER_PATHS = NO;
				CLANG_ANALYZER_NONNULL = YES;
				CLANG_ANALYZER_NUMBER_OBJECT_CONVERSION = YES_AGGRESSIVE;
				CLANG_CXX_LANGUAGE_STANDARD = "gnu++14";
				CLANG_CXX_LIBRARY = "libc++";
				CLANG_ENABLE_MODULES = YES;
				CLANG_ENABLE_OBJC_ARC = YES;
				CLANG_ENABLE_OBJC_WEAK = YES;
				CLANG_WARN_BLOCK_CAPTURE_AUTORELEASING = YES;
				CLANG_WARN_BOOL_CONVERSION = YES;
				CLANG_WARN_COMMA = YES;
				CLANG_WARN_CONSTANT_CONVERSION = YES;
				CLANG_WARN_DEPRECATED_OBJC_IMPLEMENTATIONS = YES;
				CLANG_WARN_DIRECT_OBJC_ISA_USAGE = YES_ERROR;
				CLANG_WARN_DOCUMENTATION_COMMENTS = YES;
				CLANG_WARN_EMPTY_BODY = YES;
				CLANG_WARN_ENUM_CONVERSION = YES;
				CLANG_WARN_INFINITE_RECURSION = YES;
				CLANG_WARN_INT_CONVERSION = YES;
				CLANG_WARN_NON_LITERAL_NULL_CONVERSION = YES;
				CLANG_WARN_OBJC_IMPLICIT_RETAIN_SELF = YES;
				CLANG_WARN_OBJC_LITERAL_CONVERSION = YES;
				CLANG_WARN_OBJC_ROOT_CLASS = YES_ERROR;
				CLANG_WARN_QUOTED_INCLUDE_IN_FRAMEWORK_HEADER = YES;
				CLANG_WARN_RANGE_LOOP_ANALYSIS = YES;
				CLANG_WARN_STRICT_PROTOTYPES = YES;
				CLANG_WARN_SUSPICIOUS_MOVE = YES;
				CLANG_WARN_UNGUARDED_AVAILABILITY = YES_AGGRESSIVE;
				CLANG_WARN_UNREACHABLE_CODE = YES;
				CLANG_WARN__DUPLICATE_METHOD_MATCH = YES;
				COPY_PHASE_STRIP = NO;
				DEBUG_INFORMATION_FORMAT = "dwarf-with-dsym";
				ENABLE_NS_ASSERTIONS = NO;
				ENABLE_STRICT_OBJC_MSGSEND = YES;
				GCC_C_LANGUAGE_STANDARD = gnu11;
				GCC_NO_COMMON_BLOCKS = YES;
				GCC_WARN_64_TO_32_BIT_CONVERSION = YES;
				GCC_WARN_ABOUT_RETURN_TYPE = YES_ERROR;
				GCC_WARN_UNDECLARED_SELECTOR = YES;
				GCC_WARN_UNINITIALIZED_AUTOS = YES_AGGRESSIVE;
				GCC_WARN_UNUSED_FUNCTION = YES;
				GCC_WARN_UNUSED_VARIABLE = YES;
				IPHONEOS_DEPLOYMENT_TARGET = 13.0;
				MACOSX_DEPLOYMENT_TARGET = 10.15;
				MTL_ENABLE_DEBUG_INFO = NO;
				MTL_FAST_MATH = YES;
				SWIFT_COMPILATION_MODE = wholemodule;
				SWIFT_OPTIMIZATION_LEVEL = "-O";
			};
			name = Release;
		};
		626FA6A523D6F9CD008170CD /* Debug */ = {
			isa = XCBuildConfiguration;
			buildSettings = {
				ASSETCATALOG_COMPILER_APPICON_NAME = AppIcon;
				CODE_SIGN_STYLE = Automatic;
				DEVELOPMENT_TEAM = 7Z5C7X6723;
				INFOPLIST_FILE = "Game iOS/Info.plist";
				IPHONEOS_DEPLOYMENT_TARGET = 13.2;
				LD_RUNPATH_SEARCH_PATHS = (
					"$(inherited)",
					"@executable_path/Frameworks",
				);
				PRODUCT_BUNDLE_IDENTIFIER = game.io;
				PRODUCT_NAME = Game;
				SDKROOT = iphoneos;
				SWIFT_VERSION = 5.0;
				TARGETED_DEVICE_FAMILY = "1,2";
			};
			name = Debug;
		};
		626FA6A623D6F9CD008170CD /* Release */ = {
			isa = XCBuildConfiguration;
			buildSettings = {
				ASSETCATALOG_COMPILER_APPICON_NAME = AppIcon;
				CODE_SIGN_STYLE = Automatic;
				DEVELOPMENT_TEAM = 7Z5C7X6723;
				INFOPLIST_FILE = "Game iOS/Info.plist";
				IPHONEOS_DEPLOYMENT_TARGET = 13.2;
				LD_RUNPATH_SEARCH_PATHS = (
					"$(inherited)",
					"@executable_path/Frameworks",
				);
				PRODUCT_BUNDLE_IDENTIFIER = game.io;
				PRODUCT_NAME = Game;
				SDKROOT = iphoneos;
				SWIFT_VERSION = 5.0;
				TARGETED_DEVICE_FAMILY = "1,2";
				VALIDATE_PRODUCT = YES;
			};
			name = Release;
		};
		626FA6A823D6F9CD008170CD /* Debug */ = {
			isa = XCBuildConfiguration;
			buildSettings = {
				ASSETCATALOG_COMPILER_APPICON_NAME = "tvOS App Icon & Top Shelf Image";
				CODE_SIGN_STYLE = Automatic;
				DEVELOPMENT_TEAM = 7Z5C7X6723;
				INFOPLIST_FILE = "Game tvOS/Info.plist";
				LD_RUNPATH_SEARCH_PATHS = (
					"$(inherited)",
					"@executable_path/Frameworks",
				);
				PRODUCT_BUNDLE_IDENTIFIER = game.io;
				PRODUCT_NAME = Game;
				SDKROOT = appletvos;
				SWIFT_VERSION = 5.0;
				TARGETED_DEVICE_FAMILY = 3;
				TVOS_DEPLOYMENT_TARGET = 13.0;
			};
			name = Debug;
		};
		626FA6A923D6F9CD008170CD /* Release */ = {
			isa = XCBuildConfiguration;
			buildSettings = {
				ASSETCATALOG_COMPILER_APPICON_NAME = "tvOS App Icon & Top Shelf Image";
				CODE_SIGN_STYLE = Automatic;
				DEVELOPMENT_TEAM = 7Z5C7X6723;
				INFOPLIST_FILE = "Game tvOS/Info.plist";
				LD_RUNPATH_SEARCH_PATHS = (
					"$(inherited)",
					"@executable_path/Frameworks",
				);
				PRODUCT_BUNDLE_IDENTIFIER = game.io;
				PRODUCT_NAME = Game;
				SDKROOT = appletvos;
				SWIFT_VERSION = 5.0;
				TARGETED_DEVICE_FAMILY = 3;
				TVOS_DEPLOYMENT_TARGET = 13.0;
				VALIDATE_PRODUCT = YES;
			};
			name = Release;
		};
		626FA6AB23D6F9CD008170CD /* Debug */ = {
			isa = XCBuildConfiguration;
			buildSettings = {
				ASSETCATALOG_COMPILER_APPICON_NAME = AppIcon;
				CODE_SIGN_IDENTITY = "-";
				CODE_SIGN_STYLE = Automatic;
				COMBINE_HIDPI_IMAGES = YES;
				DEVELOPMENT_TEAM = 7Z5C7X6723;
				ENABLE_HARDENED_RUNTIME = YES;
				ENABLE_ON_DEMAND_RESOURCES = NO;
				INFOPLIST_FILE = "Game macOS/Info.plist";
				LD_RUNPATH_SEARCH_PATHS = (
					"$(inherited)",
					"@executable_path/../Frameworks",
				);
				MACOSX_DEPLOYMENT_TARGET = 10.15;
				PRODUCT_BUNDLE_IDENTIFIER = game.io;
				PRODUCT_NAME = Game;
				SDKROOT = macosx;
				SWIFT_VERSION = 5.0;
			};
			name = Debug;
		};
		626FA6AC23D6F9CD008170CD /* Release */ = {
			isa = XCBuildConfiguration;
			buildSettings = {
				ASSETCATALOG_COMPILER_APPICON_NAME = AppIcon;
				CODE_SIGN_IDENTITY = "-";
				CODE_SIGN_STYLE = Automatic;
				COMBINE_HIDPI_IMAGES = YES;
				DEVELOPMENT_TEAM = 7Z5C7X6723;
				ENABLE_HARDENED_RUNTIME = YES;
				ENABLE_ON_DEMAND_RESOURCES = NO;
				INFOPLIST_FILE = "Game macOS/Info.plist";
				LD_RUNPATH_SEARCH_PATHS = (
					"$(inherited)",
					"@executable_path/../Frameworks",
				);
				MACOSX_DEPLOYMENT_TARGET = 10.15;
				PRODUCT_BUNDLE_IDENTIFIER = game.io;
				PRODUCT_NAME = Game;
				SDKROOT = macosx;
				SWIFT_VERSION = 5.0;
			};
			name = Release;
		};
/* End XCBuildConfiguration section */

/* Begin XCConfigurationList section */
		626FA65F23D6F9CB008170CD /* Build configuration list for PBXProject "Game" */ = {
			isa = XCConfigurationList;
			buildConfigurations = (
				626FA6A223D6F9CD008170CD /* Debug */,
				626FA6A323D6F9CD008170CD /* Release */,
			);
			defaultConfigurationIsVisible = 0;
			defaultConfigurationName = Release;
		};
		626FA6A423D6F9CD008170CD /* Build configuration list for PBXNativeTarget "Game iOS" */ = {
			isa = XCConfigurationList;
			buildConfigurations = (
				626FA6A523D6F9CD008170CD /* Debug */,
				626FA6A623D6F9CD008170CD /* Release */,
			);
			defaultConfigurationIsVisible = 0;
			defaultConfigurationName = Release;
		};
		626FA6A723D6F9CD008170CD /* Build configuration list for PBXNativeTarget "Game tvOS" */ = {
			isa = XCConfigurationList;
			buildConfigurations = (
				626FA6A823D6F9CD008170CD /* Debug */,
				626FA6A923D6F9CD008170CD /* Release */,
			);
			defaultConfigurationIsVisible = 0;
			defaultConfigurationName = Release;
		};
		626FA6AA23D6F9CD008170CD /* Build configuration list for PBXNativeTarget "Game macOS" */ = {
			isa = XCConfigurationList;
			buildConfigurations = (
				626FA6AB23D6F9CD008170CD /* Debug */,
				626FA6AC23D6F9CD008170CD /* Release */,
			);
			defaultConfigurationIsVisible = 0;
			defaultConfigurationName = Release;
		};
/* End XCConfigurationList section */
	};
	rootObject = 626FA65C23D6F9CB008170CD /* Project object */;
}
